
Microsoft Visual Studio Solution File, Format Version 12.00
# Visual Studio Version 16
VisualStudioVersion = 16.0.29509.3
MinimumVisualStudioVersion = 10.0.40219.1
Project("{FAE04EC0-301F-11D3-BF4B-00C04F79EFBC}") = "Forum", "Forum.csproj", "{76B2333A-8929-4EC9-B5E9-418EB5624619}"
EndProject
Global
	GlobalSection(SolutionConfigurationPlatforms) = preSolution
		Debug|Any CPU = Debug|Any CPU
		Release|Any CPU = Release|Any CPU
	EndGlobalSection
	GlobalSection(ProjectConfigurationPlatforms) = postSolution
		{76B2333A-8929-4EC9-B5E9-418EB5624619}.Debug|Any CPU.ActiveCfg = Debug|Any CPU
		{76B2333A-8929-4EC9-B5E9-418EB5624619}.Debug|Any CPU.Build.0 = Debug|Any CPU
		{76B2333A-8929-4EC9-B5E9-418EB5624619}.Release|Any CPU.ActiveCfg = Release|Any CPU
		{76B2333A-8929-4EC9-B5E9-418EB5624619}.Release|Any CPU.Build.0 = Release|Any CPU
	EndGlobalSection
	GlobalSection(SolutionProperties) = preSolution
		HideSolutionNode = FALSE
	EndGlobalSection
	GlobalSection(ExtensibilityGlobals) = postSolution
		SolutionGuid = {B8CF7B42-1963-49CE-AE1A-A61FAF21B196}
	EndGlobalSection
EndGlobal
